
Microsoft Visual Studio Solution File, Format Version 12.00
# Visual Studio Version 17
VisualStudioVersion = 17.3.32901.215
MinimumVisualStudioVersion = 10.0.40219.1
Project("{FAE04EC0-301F-11D3-BF4B-00C04F79EFBC}") = "tablewhile", "tablewhile\tablewhile.csproj", "{B860DB10-21BD-4AB1-B259-62350CE6D329}"
EndProject
Global
	GlobalSection(SolutionConfigurationPlatforms) = preSolution
		Debug|Any CPU = Debug|Any CPU
		Release|Any CPU = Release|Any CPU
	EndGlobalSection
	GlobalSection(ProjectConfigurationPlatforms) = postSolution
		{B860DB10-21BD-4AB1-B259-62350CE6D329}.Debug|Any CPU.ActiveCfg = Debug|Any CPU
		{B860DB10-21BD-4AB1-B259-62350CE6D329}.Debug|Any CPU.Build.0 = Debug|Any CPU
		{B860DB10-21BD-4AB1-B259-62350CE6D329}.Release|Any CPU.ActiveCfg = Release|Any CPU
		{B860DB10-21BD-4AB1-B259-62350CE6D329}.Release|Any CPU.Build.0 = Release|Any CPU
	EndGlobalSection
	GlobalSection(SolutionProperties) = preSolution
		HideSolutionNode = FALSE
	EndGlobalSection
	GlobalSection(ExtensibilityGlobals) = postSolution
		SolutionGuid = {BAF42E32-D927-42BB-8D18-9CEDAD4E59E2}
	EndGlobalSection
EndGlobal
